
Microsoft Visual Studio Solution File, Format Version 12.00
Project("{FAE04EC0-301F-11D3-BF4B-00C04F79EFBC}") = "server", "server\server.csproj", "{D18A516D-B4F7-4AD2-B18D-E51EA2B25E5E}"
EndProject
Project("{2150E333-8FDC-42A3-9474-1A3956D46DE8}") = "Solution Items", "Solution Items", "{FE13E6BA-EA47-4CE6-A914-BE84852EF82E}"
EndProject
Project("{FAE04EC0-301F-11D3-BF4B-00C04F79EFBC}") = "Tests", "Tests\Tests.csproj", "{A3E54E8F-3678-4BB7-AFB8-4BC03E97B607}"
EndProject
Global
	GlobalSection(SolutionConfigurationPlatforms) = preSolution
		Debug|Any CPU = Debug|Any CPU
		Release|Any CPU = Release|Any CPU
	EndGlobalSection
	GlobalSection(ProjectConfigurationPlatforms) = postSolution
		{D18A516D-B4F7-4AD2-B18D-E51EA2B25E5E}.Debug|Any CPU.ActiveCfg = Debug|Any CPU
		{D18A516D-B4F7-4AD2-B18D-E51EA2B25E5E}.Debug|Any CPU.Build.0 = Debug|Any CPU
		{D18A516D-B4F7-4AD2-B18D-E51EA2B25E5E}.Release|Any CPU.ActiveCfg = Release|Any CPU
		{D18A516D-B4F7-4AD2-B18D-E51EA2B25E5E}.Release|Any CPU.Build.0 = Release|Any CPU
		{A3E54E8F-3678-4BB7-AFB8-4BC03E97B607}.Debug|Any CPU.ActiveCfg = Debug|Any CPU
		{A3E54E8F-3678-4BB7-AFB8-4BC03E97B607}.Debug|Any CPU.Build.0 = Debug|Any CPU
		{A3E54E8F-3678-4BB7-AFB8-4BC03E97B607}.Release|Any CPU.ActiveCfg = Release|Any CPU
		{A3E54E8F-3678-4BB7-AFB8-4BC03E97B607}.Release|Any CPU.Build.0 = Release|Any CPU
	EndGlobalSection
	GlobalSection(NestedProjects) = preSolution
	EndGlobalSection
EndGlobal
